
Microsoft Visual Studio Solution File, Format Version 12.00
# Visual Studio Version 17
VisualStudioVersion = 17.9.34728.123
MinimumVisualStudioVersion = 10.0.40219.1
Project("{FAE04EC0-301F-11D3-BF4B-00C04F79EFBC}") = "CourseDeLevrierGraphique", "CourseDeLevrierGraphique\CourseDeLevrierGraphique.csproj", "{AD92C384-EBCB-480F-9FFA-42214CCAA778}"
EndProject
Global
	GlobalSection(SolutionConfigurationPlatforms) = preSolution
		Debug|Any CPU = Debug|Any CPU
		Release|Any CPU = Release|Any CPU
	EndGlobalSection
	GlobalSection(ProjectConfigurationPlatforms) = postSolution
		{AD92C384-EBCB-480F-9FFA-42214CCAA778}.Debug|Any CPU.ActiveCfg = Debug|Any CPU
		{AD92C384-EBCB-480F-9FFA-42214CCAA778}.Debug|Any CPU.Build.0 = Debug|Any CPU
		{AD92C384-EBCB-480F-9FFA-42214CCAA778}.Release|Any CPU.ActiveCfg = Release|Any CPU
		{AD92C384-EBCB-480F-9FFA-42214CCAA778}.Release|Any CPU.Build.0 = Release|Any CPU
	EndGlobalSection
	GlobalSection(SolutionProperties) = preSolution
		HideSolutionNode = FALSE
	EndGlobalSection
	GlobalSection(ExtensibilityGlobals) = postSolution
		SolutionGuid = {5201275C-EEDC-489C-AC03-534D83BC6CF4}
	EndGlobalSection
EndGlobal
